
Microsoft Visual Studio Solution File, Format Version 12.00
# Visual Studio Version 17
VisualStudioVersion = 17.7.34024.191
MinimumVisualStudioVersion = 10.0.40219.1
Project("{FAE04EC0-301F-11D3-BF4B-00C04F79EFBC}") = "csharp-calcolatrice", "csharp-calcolatrice\csharp-calcolatrice.csproj", "{F27C16FF-903D-43B2-8C2C-3BE86337243A}"
EndProject
Global
	GlobalSection(SolutionConfigurationPlatforms) = preSolution
		Debug|Any CPU = Debug|Any CPU
		Release|Any CPU = Release|Any CPU
	EndGlobalSection
	GlobalSection(ProjectConfigurationPlatforms) = postSolution
		{F27C16FF-903D-43B2-8C2C-3BE86337243A}.Debug|Any CPU.ActiveCfg = Debug|Any CPU
		{F27C16FF-903D-43B2-8C2C-3BE86337243A}.Debug|Any CPU.Build.0 = Debug|Any CPU
		{F27C16FF-903D-43B2-8C2C-3BE86337243A}.Release|Any CPU.ActiveCfg = Release|Any CPU
		{F27C16FF-903D-43B2-8C2C-3BE86337243A}.Release|Any CPU.Build.0 = Release|Any CPU
	EndGlobalSection
	GlobalSection(SolutionProperties) = preSolution
		HideSolutionNode = FALSE
	EndGlobalSection
	GlobalSection(ExtensibilityGlobals) = postSolution
		SolutionGuid = {8769E645-A855-4A14-A68E-59266C40D0BD}
	EndGlobalSection
EndGlobal
